
Microsoft Visual Studio Solution File, Format Version 12.00
# Visual Studio Version 17
VisualStudioVersion = 17.3.32929.385
MinimumVisualStudioVersion = 10.0.40219.1
Project("{FAE04EC0-301F-11D3-BF4B-00C04F79EFBC}") = "NewEmployeeWageProblem", "NewEmployeeWageProblem.csproj", "{4127E66A-999F-4ED3-9566-3D388D256563}"
EndProject
Global
	GlobalSection(SolutionConfigurationPlatforms) = preSolution
		Debug|Any CPU = Debug|Any CPU
		Release|Any CPU = Release|Any CPU
	EndGlobalSection
	GlobalSection(ProjectConfigurationPlatforms) = postSolution
		{4127E66A-999F-4ED3-9566-3D388D256563}.Debug|Any CPU.ActiveCfg = Debug|Any CPU
		{4127E66A-999F-4ED3-9566-3D388D256563}.Debug|Any CPU.Build.0 = Debug|Any CPU
		{4127E66A-999F-4ED3-9566-3D388D256563}.Release|Any CPU.ActiveCfg = Release|Any CPU
		{4127E66A-999F-4ED3-9566-3D388D256563}.Release|Any CPU.Build.0 = Release|Any CPU
	EndGlobalSection
	GlobalSection(SolutionProperties) = preSolution
		HideSolutionNode = FALSE
	EndGlobalSection
	GlobalSection(ExtensibilityGlobals) = postSolution
		SolutionGuid = {F45C13D7-11EE-4B8E-9531-88D8F8B5D425}
	EndGlobalSection
EndGlobal
